
Microsoft Visual Studio Solution File, Format Version 12.00
# Visual Studio Version 16
VisualStudioVersion = 16.0.30011.22
MinimumVisualStudioVersion = 10.0.40219.1
Project("{9A19103F-16F7-4668-BE54-9A1E7A4F7556}") = "TaskTrackerUtilityApp.API", "TaskTrackerUtilityApp.API.csproj", "{1A048C6A-62C3-486B-AD62-A4DB76AB1560}"
EndProject
Global
	GlobalSection(SolutionConfigurationPlatforms) = preSolution
		Debug|Any CPU = Debug|Any CPU
		Release|Any CPU = Release|Any CPU
	EndGlobalSection
	GlobalSection(ProjectConfigurationPlatforms) = postSolution
		{1A048C6A-62C3-486B-AD62-A4DB76AB1560}.Debug|Any CPU.ActiveCfg = Debug|Any CPU
		{1A048C6A-62C3-486B-AD62-A4DB76AB1560}.Debug|Any CPU.Build.0 = Debug|Any CPU
		{1A048C6A-62C3-486B-AD62-A4DB76AB1560}.Release|Any CPU.ActiveCfg = Release|Any CPU
		{1A048C6A-62C3-486B-AD62-A4DB76AB1560}.Release|Any CPU.Build.0 = Release|Any CPU
	EndGlobalSection
	GlobalSection(SolutionProperties) = preSolution
		HideSolutionNode = FALSE
	EndGlobalSection
	GlobalSection(ExtensibilityGlobals) = postSolution
		SolutionGuid = {2CF3DB59-2196-4829-BF57-69C1D65B607C}
	EndGlobalSection
EndGlobal
